// !$*UTF8*$!
{
	archiveVersion = 1;
	classes = {
	};
	objectVersion = 56;
	objects = {

/* Begin PBXBuildFile section */
		A10A46E72965C8C5009F0C6D /* main.cpp in Sources */ = {isa = PBXBuildFile; fileRef = A10A46E62965C8C5009F0C6D /* main.cpp */; };
		A10A46F229671786009F0C6D /* glad.c in Sources */ = {isa = PBXBuildFile; fileRef = A10A46F129671786009F0C6D /* glad.c */; };
		A10A46F9296717E6009F0C6D /* IOKit.framework in Frameworks */ = {isa = PBXBuildFile; fileRef = A10A46F8296717E6009F0C6D /* IOKit.framework */; };
		A10A46FB296717F1009F0C6D /* Cocoa.framework in Frameworks */ = {isa = PBXBuildFile; fileRef = A10A46FA296717F1009F0C6D /* Cocoa.framework */; };
		A10A470D296724C6009F0C6D /* libglfw.3.dylib in Copy Files */ = {isa = PBXBuildFile; fileRef = A10A46F6296717C2009F0C6D /* libglfw.3.dylib */; settings = {ATTRIBUTES = (CodeSignOnCopy, ); }; };
		A10A470E296725E8009F0C6D /* libglfw3.a in Frameworks */ = {isa = PBXBuildFile; fileRef = A10A46F4296717B3009F0C6D /* libglfw3.a */; };
/* End PBXBuildFile section */

/* Begin PBXCopyFilesBuildPhase section */
		A10A46E12965C8C5009F0C6D /* Copy Files */ = {
			isa = PBXCopyFilesBuildPhase;
			buildActionMask = 8;
			dstPath = "";
			dstSubfolderSpec = 0;
			files = (
				A10A470D296724C6009F0C6D /* libglfw.3.dylib in Copy Files */,
			);
			name = "Copy Files";
			runOnlyForDeploymentPostprocessing = 1;
		};
/* End PBXCopyFilesBuildPhase section */

/* Begin PBXFileReference section */
		A10A46E32965C8C5009F0C6D /* OpenGLProject */ = {isa = PBXFileReference; explicitFileType = "compiled.mach-o.executable"; includeInIndex = 0; path = OpenGLProject; sourceTree = BUILT_PRODUCTS_DIR; };
		A10A46E62965C8C5009F0C6D /* main.cpp */ = {isa = PBXFileReference; lastKnownFileType = sourcecode.cpp.cpp; path = main.cpp; sourceTree = "<group>"; };
		A10A46F129671786009F0C6D /* glad.c */ = {isa = PBXFileReference; lastKnownFileType = sourcecode.c.c; name = glad.c; path = OpenGLProject/GLAD/src/glad.c; sourceTree = "<group>"; };
		A10A46F4296717B3009F0C6D /* libglfw3.a */ = {isa = PBXFileReference; lastKnownFileType = archive.ar; name = libglfw3.a; path = "OpenGLProject/GLFW/lib-arm64/libglfw3.a"; sourceTree = "<group>"; };
		A10A46F6296717C2009F0C6D /* libglfw.3.dylib */ = {isa = PBXFileReference; lastKnownFileType = "compiled.mach-o.dylib"; name = libglfw.3.dylib; path = "OpenGLProject/GLFW/lib-arm64/libglfw.3.dylib"; sourceTree = "<group>"; };
		A10A46F8296717E6009F0C6D /* IOKit.framework */ = {isa = PBXFileReference; lastKnownFileType = wrapper.framework; name = IOKit.framework; path = System/Library/Frameworks/IOKit.framework; sourceTree = SDKROOT; };
		A10A46FA296717F1009F0C6D /* Cocoa.framework */ = {isa = PBXFileReference; lastKnownFileType = wrapper.framework; name = Cocoa.framework; path = System/Library/Frameworks/Cocoa.framework; sourceTree = SDKROOT; };
		A10A46FC29671CEA009F0C6D /* OpenGLProject.entitlements */ = {isa = PBXFileReference; lastKnownFileType = text.plist.entitlements; path = OpenGLProject.entitlements; sourceTree = "<group>"; };
/* End PBXFileReference section */

/* Begin PBXFrameworksBuildPhase section */
		A10A46E02965C8C5009F0C6D /* Frameworks */ = {
			isa = PBXFrameworksBuildPhase;
			buildActionMask = 2147483647;
			files = (
				A10A470E296725E8009F0C6D /* libglfw3.a in Frameworks */,
				A10A46FB296717F1009F0C6D /* Cocoa.framework in Frameworks */,
				A10A46F9296717E6009F0C6D /* IOKit.framework in Frameworks */,
			);
			runOnlyForDeploymentPostprocessing = 0;
		};
/* End PBXFrameworksBuildPhase section */

/* Begin PBXGroup section */
		A10A46DA2965C8C5009F0C6D = {
			isa = PBXGroup;
			children = (
				A10A46F129671786009F0C6D /* glad.c */,
				A10A46E52965C8C5009F0C6D /* OpenGLProject */,
				A10A46E42965C8C5009F0C6D /* Products */,
				A10A46F3296717B3009F0C6D /* Frameworks */,
			);
			sourceTree = "<group>";
		};
		A10A46E42965C8C5009F0C6D /* Products */ = {
			isa = PBXGroup;
			children = (
				A10A46E32965C8C5009F0C6D /* OpenGLProject */,
			);
			name = Products;
			sourceTree = "<group>";
		};
		A10A46E52965C8C5009F0C6D /* OpenGLProject */ = {
			isa = PBXGroup;
			children = (
				A10A46FC29671CEA009F0C6D /* OpenGLProject.entitlements */,
				A10A46E62965C8C5009F0C6D /* main.cpp */,
			);
			path = OpenGLProject;
			sourceTree = "<group>";
		};
		A10A46F3296717B3009F0C6D /* Frameworks */ = {
			isa = PBXGroup;
			children = (
				A10A46FA296717F1009F0C6D /* Cocoa.framework */,
				A10A46F8296717E6009F0C6D /* IOKit.framework */,
				A10A46F6296717C2009F0C6D /* libglfw.3.dylib */,
				A10A46F4296717B3009F0C6D /* libglfw3.a */,
			);
			name = Frameworks;
			sourceTree = "<group>";
		};
/* End PBXGroup section */

/* Begin PBXNativeTarget section */
		A10A46E22965C8C5009F0C6D /* OpenGLProject */ = {
			isa = PBXNativeTarget;
			buildConfigurationList = A10A46EA2965C8C5009F0C6D /* Build configuration list for PBXNativeTarget "OpenGLProject" */;
			buildPhases = (
				A10A46DF2965C8C5009F0C6D /* Sources */,
				A10A46E02965C8C5009F0C6D /* Frameworks */,
				A10A46E12965C8C5009F0C6D /* Copy Files */,
			);
			buildRules = (
			);
			dependencies = (
			);
			name = OpenGLProject;
			productName = OpenGLProject;
			productReference = A10A46E32965C8C5009F0C6D /* OpenGLProject */;
			productType = "com.apple.product-type.tool";
		};
/* End PBXNativeTarget section */

/* Begin PBXProject section */
		A10A46DB2965C8C5009F0C6D /* Project object */ = {
			isa = PBXProject;
			attributes = {
				BuildIndependentTargetsInParallel = 1;
				LastUpgradeCheck = 1410;
				TargetAttributes = {
					A10A46E22965C8C5009F0C6D = {
						CreatedOnToolsVersion = 14.1;
					};
				};
			};
			buildConfigurationList = A10A46DE2965C8C5009F0C6D /* Build configuration list for PBXProject "OpenGLProject" */;
			compatibilityVersion = "Xcode 14.0";
			developmentRegion = en;
			hasScannedForEncodings = 0;
			knownRegions = (
				en,
				Base,
			);
			mainGroup = A10A46DA2965C8C5009F0C6D;
			productRefGroup = A10A46E42965C8C5009F0C6D /* Products */;
			projectDirPath = "";
			projectRoot = "";
			targets = (
				A10A46E22965C8C5009F0C6D /* OpenGLProject */,
			);
		};
/* End PBXProject section */

/* Begin PBXSourcesBuildPhase section */
		A10A46DF2965C8C5009F0C6D /* Sources */ = {
			isa = PBXSourcesBuildPhase;
			buildActionMask = 2147483647;
			files = (
				A10A46F229671786009F0C6D /* glad.c in Sources */,
				A10A46E72965C8C5009F0C6D /* main.cpp in Sources */,
			);
			runOnlyForDeploymentPostprocessing = 0;
		};
/* End PBXSourcesBuildPhase section */

/* Begin XCBuildConfiguration section */
		A10A46E82965C8C5009F0C6D /* Debug */ = {
			isa = XCBuildConfiguration;
			buildSettings = {
				ALWAYS_SEARCH_USER_PATHS = NO;
				CLANG_ANALYZER_NONNULL = YES;
				CLANG_ANALYZER_NUMBER_OBJECT_CONVERSION = YES_AGGRESSIVE;
				CLANG_CXX_LANGUAGE_STANDARD = "gnu++20";
				CLANG_ENABLE_MODULES = YES;
				CLANG_ENABLE_OBJC_ARC = YES;
				CLANG_ENABLE_OBJC_WEAK = YES;
				CLANG_WARN_BLOCK_CAPTURE_AUTORELEASING = YES;
				CLANG_WARN_BOOL_CONVERSION = YES;
				CLANG_WARN_COMMA = YES;
				CLANG_WARN_CONSTANT_CONVERSION = YES;
				CLANG_WARN_DEPRECATED_OBJC_IMPLEMENTATIONS = YES;
				CLANG_WARN_DIRECT_OBJC_ISA_USAGE = YES_ERROR;
				CLANG_WARN_DOCUMENTATION_COMMENTS = YES;
				CLANG_WARN_EMPTY_BODY = YES;
				CLANG_WARN_ENUM_CONVERSION = YES;
				CLANG_WARN_INFINITE_RECURSION = YES;
				CLANG_WARN_INT_CONVERSION = YES;
				CLANG_WARN_NON_LITERAL_NULL_CONVERSION = YES;
				CLANG_WARN_OBJC_IMPLICIT_RETAIN_SELF = YES;
				CLANG_WARN_OBJC_LITERAL_CONVERSION = YES;
				CLANG_WARN_OBJC_ROOT_CLASS = YES_ERROR;
				CLANG_WARN_QUOTED_INCLUDE_IN_FRAMEWORK_HEADER = YES;
				CLANG_WARN_RANGE_LOOP_ANALYSIS = YES;
				CLANG_WARN_STRICT_PROTOTYPES = YES;
				CLANG_WARN_SUSPICIOUS_MOVE = YES;
				CLANG_WARN_UNGUARDED_AVAILABILITY = YES_AGGRESSIVE;
				CLANG_WARN_UNREACHABLE_CODE = YES;
				CLANG_WARN__DUPLICATE_METHOD_MATCH = YES;
				COPY_PHASE_STRIP = NO;
				DEBUG_INFORMATION_FORMAT = dwarf;
				ENABLE_HARDENED_RUNTIME = YES;
				ENABLE_STRICT_OBJC_MSGSEND = YES;
				ENABLE_TESTABILITY = YES;
				GCC_C_LANGUAGE_STANDARD = gnu11;
				GCC_DYNAMIC_NO_PIC = NO;
				GCC_NO_COMMON_BLOCKS = YES;
				GCC_OPTIMIZATION_LEVEL = 0;
				GCC_PREPROCESSOR_DEFINITIONS = (
					"DEBUG=1",
					"$(inherited)",
				);
				GCC_WARN_64_TO_32_BIT_CONVERSION = YES;
				GCC_WARN_ABOUT_RETURN_TYPE = YES_ERROR;
				GCC_WARN_UNDECLARED_SELECTOR = YES;
				GCC_WARN_UNINITIALIZED_AUTOS = YES_AGGRESSIVE;
				GCC_WARN_UNUSED_FUNCTION = YES;
				GCC_WARN_UNUSED_VARIABLE = YES;
				MACOSX_DEPLOYMENT_TARGET = 13.0;
				MTL_ENABLE_DEBUG_INFO = INCLUDE_SOURCE;
				MTL_FAST_MATH = YES;
				ONLY_ACTIVE_ARCH = YES;
				SDKROOT = macosx;
			};
			name = Debug;
		};
		A10A46E92965C8C5009F0C6D /* Release */ = {
			isa = XCBuildConfiguration;
			buildSettings = {
				ALWAYS_SEARCH_USER_PATHS = NO;
				CLANG_ANALYZER_NONNULL = YES;
				CLANG_ANALYZER_NUMBER_OBJECT_CONVERSION = YES_AGGRESSIVE;
				CLANG_CXX_LANGUAGE_STANDARD = "gnu++20";
				CLANG_ENABLE_MODULES = YES;
				CLANG_ENABLE_OBJC_ARC = YES;
				CLANG_ENABLE_OBJC_WEAK = YES;
				CLANG_WARN_BLOCK_CAPTURE_AUTORELEASING = YES;
				CLANG_WARN_BOOL_CONVERSION = YES;
				CLANG_WARN_COMMA = YES;
				CLANG_WARN_CONSTANT_CONVERSION = YES;
				CLANG_WARN_DEPRECATED_OBJC_IMPLEMENTATIONS = YES;
				CLANG_WARN_DIRECT_OBJC_ISA_USAGE = YES_ERROR;
				CLANG_WARN_DOCUMENTATION_COMMENTS = YES;
				CLANG_WARN_EMPTY_BODY = YES;
				CLANG_WARN_ENUM_CONVERSION = YES;
				CLANG_WARN_INFINITE_RECURSION = YES;
				CLANG_WARN_INT_CONVERSION = YES;
				CLANG_WARN_NON_LITERAL_NULL_CONVERSION = YES;
				CLANG_WARN_OBJC_IMPLICIT_RETAIN_SELF = YES;
				CLANG_WARN_OBJC_LITERAL_CONVERSION = YES;
				CLANG_WARN_OBJC_ROOT_CLASS = YES_ERROR;
				CLANG_WARN_QUOTED_INCLUDE_IN_FRAMEWORK_HEADER = YES;
				CLANG_WARN_RANGE_LOOP_ANALYSIS = YES;
				CLANG_WARN_STRICT_PROTOTYPES = YES;
				CLANG_WARN_SUSPICIOUS_MOVE = YES;
				CLANG_WARN_UNGUARDED_AVAILABILITY = YES_AGGRESSIVE;
				CLANG_WARN_UNREACHABLE_CODE = YES;
				CLANG_WARN__DUPLICATE_METHOD_MATCH = YES;
				COPY_PHASE_STRIP = NO;
				DEBUG_INFORMATION_FORMAT = "dwarf-with-dsym";
				ENABLE_HARDENED_RUNTIME = YES;
				ENABLE_NS_ASSERTIONS = NO;
				ENABLE_STRICT_OBJC_MSGSEND = YES;
				GCC_C_LANGUAGE_STANDARD = gnu11;
				GCC_NO_COMMON_BLOCKS = YES;
				GCC_WARN_64_TO_32_BIT_CONVERSION = YES;
				GCC_WARN_ABOUT_RETURN_TYPE = YES_ERROR;
				GCC_WARN_UNDECLARED_SELECTOR = YES;
				GCC_WARN_UNINITIALIZED_AUTOS = YES_AGGRESSIVE;
				GCC_WARN_UNUSED_FUNCTION = YES;
				GCC_WARN_UNUSED_VARIABLE = YES;
				MACOSX_DEPLOYMENT_TARGET = 13.0;
				MTL_ENABLE_DEBUG_INFO = NO;
				MTL_FAST_MATH = YES;
				SDKROOT = macosx;
			};
			name = Release;
		};
		A10A46EB2965C8C5009F0C6D /* Debug */ = {
			isa = XCBuildConfiguration;
			buildSettings = {
				CODE_SIGN_ENTITLEMENTS = OpenGLProject/OpenGLProject.entitlements;
				CODE_SIGN_IDENTITY = "Apple Development";
				CODE_SIGN_STYLE = Automatic;
				DEVELOPMENT_TEAM = B5Q8B8VUAA;
				HEADER_SEARCH_PATHS = (
					"$(SRCROOT)/OpenGLProject/GLAD/include/**",
					"$(PROJECT_DIR)/OpenGLProject/GLFW/include/**",
				);
				LIBRARY_SEARCH_PATHS = (
					"$(inherited)",
					"$(PROJECT_DIR)/OpenGLProject/GLFW/lib-arm64",
				);
				PRODUCT_NAME = "$(TARGET_NAME)";
				PROVISIONING_PROFILE_SPECIFIER = "";
			};
			name = Debug;
		};
		A10A46EC2965C8C5009F0C6D /* Release */ = {
			isa = XCBuildConfiguration;
			buildSettings = {
				CODE_SIGN_ENTITLEMENTS = OpenGLProject/OpenGLProject.entitlements;
				CODE_SIGN_IDENTITY = "Apple Development";
				CODE_SIGN_STYLE = Automatic;
				DEVELOPMENT_TEAM = B5Q8B8VUAA;
				ENABLE_HARDENED_RUNTIME = YES;
				HEADER_SEARCH_PATHS = (
					"$(SRCROOT)/OpenGLProject/GLAD/include/**",
					"$(PROJECT_DIR)/OpenGLProject/GLFW/include/**",
				);
				LIBRARY_SEARCH_PATHS = (
					"$(inherited)",
					"$(PROJECT_DIR)/OpenGLProject/GLFW/lib-arm64",
				);
				PRODUCT_NAME = "$(TARGET_NAME)";
				PROVISIONING_PROFILE_SPECIFIER = "";
			};
			name = Release;
		};
/* End XCBuildConfiguration section */

/* Begin XCConfigurationList section */
		A10A46DE2965C8C5009F0C6D /* Build configuration list for PBXProject "OpenGLProject" */ = {
			isa = XCConfigurationList;
			buildConfigurations = (
				A10A46E82965C8C5009F0C6D /* Debug */,
				A10A46E92965C8C5009F0C6D /* Release */,
			);
			defaultConfigurationIsVisible = 0;
			defaultConfigurationName = Release;
		};
		A10A46EA2965C8C5009F0C6D /* Build configuration list for PBXNativeTarget "OpenGLProject" */ = {
			isa = XCConfigurationList;
			buildConfigurations = (
				A10A46EB2965C8C5009F0C6D /* Debug */,
				A10A46EC2965C8C5009F0C6D /* Release */,
			);
			defaultConfigurationIsVisible = 0;
			defaultConfigurationName = Release;
		};
/* End XCConfigurationList section */
	};
	rootObject = A10A46DB2965C8C5009F0C6D /* Project object */;
}
